// !$*UTF8*$!
{
	archiveVersion = 1;
	classes = {
	};
	objectVersion = 46;
	objects = {

/* Begin PBXBuildFile section */
		DC34E248168BB79800648C2F /* Cocoa.framework in Frameworks */ = {isa = PBXBuildFile; fileRef = DC34E247168BB79800648C2F /* Cocoa.framework */; };
		DC5A5ADE18825DFB00FC97D5 /* MMPUnknown.m in Sources */ = {isa = PBXBuildFile; fileRef = DC5A5ADD18825DFB00FC97D5 /* MMPUnknown.m */; };
		DC5A5AE118825E3200FC97D5 /* MMPLCD.m in Sources */ = {isa = PBXBuildFile; fileRef = DC5A5AE018825E3200FC97D5 /* MMPLCD.m */; };
		DC8146B51732C43E0041F394 /* infoicon_100x100.png in Resources */ = {isa = PBXBuildFile; fileRef = DCE2F0371732BD86002B897C /* infoicon_100x100.png */; };
		DC8146BC1732C4E10041F394 /* Credits.rtf in Resources */ = {isa = PBXBuildFile; fileRef = DC8146B81732C4E10041F394 /* Credits.rtf */; };
		DC8146BD1732C4E10041F394 /* InfoPlist.strings in Resources */ = {isa = PBXBuildFile; fileRef = DC8146BA1732C4E10041F394 /* InfoPlist.strings */; };
		DCE2F00D1732BAA6002B897C /* MMPButton.m in Sources */ = {isa = PBXBuildFile; fileRef = DCE2EFFA1732BAA6002B897C /* MMPButton.m */; };
		DCE2F00E1732BAA6002B897C /* MMPControl.m in Sources */ = {isa = PBXBuildFile; fileRef = DCE2EFFC1732BAA6002B897C /* MMPControl.m */; };
		DCE2F00F1732BAA6002B897C /* MMPGrid.m in Sources */ = {isa = PBXBuildFile; fileRef = DCE2EFFE1732BAA6002B897C /* MMPGrid.m */; };
		DCE2F0101732BAA6002B897C /* MMPKnob.m in Sources */ = {isa = PBXBuildFile; fileRef = DCE2F0001732BAA6002B897C /* MMPKnob.m */; };
		DCE2F0111732BAA6002B897C /* MMPLabel.m in Sources */ = {isa = PBXBuildFile; fileRef = DCE2F0021732BAA6002B897C /* MMPLabel.m */; };
		DCE2F0121732BAA6002B897C /* MMPMultiSlider.m in Sources */ = {isa = PBXBuildFile; fileRef = DCE2F0041732BAA6002B897C /* MMPMultiSlider.m */; };
		DCE2F0131732BAA6002B897C /* MMPPanel.m in Sources */ = {isa = PBXBuildFile; fileRef = DCE2F0061732BAA6002B897C /* MMPPanel.m */; };
		DCE2F0141732BAA6002B897C /* MMPSlider.m in Sources */ = {isa = PBXBuildFile; fileRef = DCE2F0081732BAA6002B897C /* MMPSlider.m */; };
		DCE2F0151732BAA6002B897C /* MMPToggle.m in Sources */ = {isa = PBXBuildFile; fileRef = DCE2F00A1732BAA6002B897C /* MMPToggle.m */; };
		DCE2F0161732BAA6002B897C /* MMPXYSlider.m in Sources */ = {isa = PBXBuildFile; fileRef = DCE2F00C1732BAA6002B897C /* MMPXYSlider.m */; };
		DCE2F0211732BAD3002B897C /* CanvasView.m in Sources */ = {isa = PBXBuildFile; fileRef = DCE2F0181732BAD3002B897C /* CanvasView.m */; };
		DCE2F0221732BAD3002B897C /* Document.m in Sources */ = {isa = PBXBuildFile; fileRef = DCE2F01A1732BAD3002B897C /* Document.m */; };
		DCE2F0231732BAD3002B897C /* DocumentModel.m in Sources */ = {isa = PBXBuildFile; fileRef = DCE2F01C1732BAD3002B897C /* DocumentModel.m */; };
		DCE2F0241732BAD3002B897C /* EditHandle.m in Sources */ = {isa = PBXBuildFile; fileRef = DCE2F01E1732BAD3002B897C /* EditHandle.m */; };
		DCE2F0251732BAD3002B897C /* MMPDocumentController.m in Sources */ = {isa = PBXBuildFile; fileRef = DCE2F0201732BAD3002B897C /* MMPDocumentController.m */; };
		DCE2F02A1732BB1A002B897C /* Document.xib in Resources */ = {isa = PBXBuildFile; fileRef = DCE2F0261732BB1A002B897C /* Document.xib */; };
		DCE2F02B1732BB1A002B897C /* MainMenu.xib in Resources */ = {isa = PBXBuildFile; fileRef = DCE2F0281732BB1A002B897C /* MainMenu.xib */; };
		DCE2F0331732BB39002B897C /* main.m in Sources */ = {isa = PBXBuildFile; fileRef = DCE2F02D1732BB39002B897C /* main.m */; };
		DCE2F0341732BB39002B897C /* MMPIcons.iconset in Resources */ = {isa = PBXBuildFile; fileRef = DCE2F02E1732BB39002B897C /* MMPIcons.iconset */; };
		DCE2F0361732BB39002B897C /* uifontlist.txt in Resources */ = {isa = PBXBuildFile; fileRef = DCE2F0311732BB39002B897C /* uifontlist.txt */; };
		F9109646190DFBC8008707EE /* MMPTable.m in Sources */ = {isa = PBXBuildFile; fileRef = F9109645190DFBC8008707EE /* MMPTable.m */; };
		F92483FF1D24A03E00A23568 /* VVBasics.framework in Frameworks */ = {isa = PBXBuildFile; fileRef = F9D255C91D22343B003CEFE6 /* VVBasics.framework */; };
		F92484001D24A03E00A23568 /* VVBasics.framework in CopyFiles */ = {isa = PBXBuildFile; fileRef = F9D255C91D22343B003CEFE6 /* VVBasics.framework */; settings = {ATTRIBUTES = (CodeSignOnCopy, RemoveHeadersOnCopy, ); }; };
		F94FB53C18F5A045003BFB18 /* MMPMenu.m in Sources */ = {isa = PBXBuildFile; fileRef = F94FB53B18F5A045003BFB18 /* MMPMenu.m */; };
		F9BAFD7C19D23E1B001CD2D2 /* LICENSE.txt in CopyFiles */ = {isa = PBXBuildFile; fileRef = F9BAFD5619D236E4001CD2D2 /* LICENSE.txt */; };
		F9BAFD7D19D23E1B001CD2D2 /* Roboto-Black.ttf in CopyFiles */ = {isa = PBXBuildFile; fileRef = F9BAFD5719D236E4001CD2D2 /* Roboto-Black.ttf */; };
		F9BAFD7E19D23E1B001CD2D2 /* Roboto-BlackItalic.ttf in CopyFiles */ = {isa = PBXBuildFile; fileRef = F9BAFD5819D236E4001CD2D2 /* Roboto-BlackItalic.ttf */; };
		F9BAFD7F19D23E1B001CD2D2 /* Roboto-Bold.ttf in CopyFiles */ = {isa = PBXBuildFile; fileRef = F9BAFD5919D236E4001CD2D2 /* Roboto-Bold.ttf */; };
		F9BAFD8019D23E1B001CD2D2 /* Roboto-BoldItalic.ttf in CopyFiles */ = {isa = PBXBuildFile; fileRef = F9BAFD5A19D236E4001CD2D2 /* Roboto-BoldItalic.ttf */; };
		F9BAFD8119D23E1B001CD2D2 /* Roboto-Italic.ttf in CopyFiles */ = {isa = PBXBuildFile; fileRef = F9BAFD5B19D236E4001CD2D2 /* Roboto-Italic.ttf */; };
		F9BAFD8219D23E1B001CD2D2 /* Roboto-Light.ttf in CopyFiles */ = {isa = PBXBuildFile; fileRef = F9BAFD5C19D236E4001CD2D2 /* Roboto-Light.ttf */; };
		F9BAFD8319D23E1B001CD2D2 /* Roboto-LightItalic.ttf in CopyFiles */ = {isa = PBXBuildFile; fileRef = F9BAFD5D19D236E4001CD2D2 /* Roboto-LightItalic.ttf */; };
		F9BAFD8419D23E1B001CD2D2 /* Roboto-Medium.ttf in CopyFiles */ = {isa = PBXBuildFile; fileRef = F9BAFD5E19D236E4001CD2D2 /* Roboto-Medium.ttf */; };
		F9BAFD8519D23E1B001CD2D2 /* Roboto-MediumItalic.ttf in CopyFiles */ = {isa = PBXBuildFile; fileRef = F9BAFD5F19D236E4001CD2D2 /* Roboto-MediumItalic.ttf */; };
		F9BAFD8619D23E1B001CD2D2 /* Roboto-Regular.ttf in CopyFiles */ = {isa = PBXBuildFile; fileRef = F9BAFD6019D236E4001CD2D2 /* Roboto-Regular.ttf */; };
		F9BAFD8719D23E1B001CD2D2 /* Roboto-Thin.ttf in CopyFiles */ = {isa = PBXBuildFile; fileRef = F9BAFD6119D236E4001CD2D2 /* Roboto-Thin.ttf */; };
		F9BAFD8819D23E1B001CD2D2 /* Roboto-ThinItalic.ttf in CopyFiles */ = {isa = PBXBuildFile; fileRef = F9BAFD6219D236E4001CD2D2 /* Roboto-ThinItalic.ttf */; };
		F9BAFD8919D23E1B001CD2D2 /* RobotoCondensed-Bold.ttf in CopyFiles */ = {isa = PBXBuildFile; fileRef = F9BAFD6319D236E4001CD2D2 /* RobotoCondensed-Bold.ttf */; };
		F9BAFD8A19D23E1B001CD2D2 /* RobotoCondensed-BoldItalic.ttf in CopyFiles */ = {isa = PBXBuildFile; fileRef = F9BAFD6419D236E4001CD2D2 /* RobotoCondensed-BoldItalic.ttf */; };
		F9BAFD8B19D23E1B001CD2D2 /* RobotoCondensed-Italic.ttf in CopyFiles */ = {isa = PBXBuildFile; fileRef = F9BAFD6519D236E4001CD2D2 /* RobotoCondensed-Italic.ttf */; };
		F9BAFD8C19D23E1B001CD2D2 /* RobotoCondensed-Light.ttf in CopyFiles */ = {isa = PBXBuildFile; fileRef = F9BAFD6619D236E4001CD2D2 /* RobotoCondensed-Light.ttf */; };
		F9BAFD8D19D23E1B001CD2D2 /* RobotoCondensed-LightItalic.ttf in CopyFiles */ = {isa = PBXBuildFile; fileRef = F9BAFD6719D236E4001CD2D2 /* RobotoCondensed-LightItalic.ttf */; };
		F9BAFD8E19D23E1B001CD2D2 /* RobotoCondensed-Regular.ttf in CopyFiles */ = {isa = PBXBuildFile; fileRef = F9BAFD6819D236E4001CD2D2 /* RobotoCondensed-Regular.ttf */; };
		F9D2561B1D223475003CEFE6 /* VVOSC.framework in Frameworks */ = {isa = PBXBuildFile; fileRef = F9D255D51D22343B003CEFE6 /* VVOSC.framework */; };
		F9D2561D1D223483003CEFE6 /* VVOSC.framework in CopyFiles */ = {isa = PBXBuildFile; fileRef = F9D255D51D22343B003CEFE6 /* VVOSC.framework */; settings = {ATTRIBUTES = (CodeSignOnCopy, RemoveHeadersOnCopy, ); }; };
		F9E56AFE1A81EF3F0017851A /* QuartzCore.framework in Frameworks */ = {isa = PBXBuildFile; fileRef = DC084BA9168E13B100664E0E /* QuartzCore.framework */; };
		F9F44F3918BC2A3200101132 /* MMPMultiTouch.m in Sources */ = {isa = PBXBuildFile; fileRef = F9F44F3818BC2A3200101132 /* MMPMultiTouch.m */; };
/* End PBXBuildFile section */

/* Begin PBXContainerItemProxy section */
		F92484011D24A03E00A23568 /* PBXContainerItemProxy */ = {
			isa = PBXContainerItemProxy;
			containerPortal = F9D255981D22343A003CEFE6 /* VVOpenSource.xcodeproj */;
			proxyType = 1;
			remoteGlobalIDString = 961EA8EC100E8565007E6C25;
			remoteInfo = "VVBasics-mac";
		};
		F9D255C81D22343B003CEFE6 /* PBXContainerItemProxy */ = {
			isa = PBXContainerItemProxy;
			containerPortal = F9D255981D22343A003CEFE6 /* VVOpenSource.xcodeproj */;
			proxyType = 2;
			remoteGlobalIDString = 961EA8ED100E8565007E6C25;
			remoteInfo = "VVBasics-mac";
		};
		F9D255CA1D22343B003CEFE6 /* PBXContainerItemProxy */ = {
			isa = PBXContainerItemProxy;
			containerPortal = F9D255981D22343A003CEFE6 /* VVOpenSource.xcodeproj */;
			proxyType = 2;
			remoteGlobalIDString = 96C8073A19817C1600FA7825;
			remoteInfo = "VVBufferPool-mac";
		};
		F9D255CC1D22343B003CEFE6 /* PBXContainerItemProxy */ = {
			isa = PBXContainerItemProxy;
			containerPortal = F9D255981D22343A003CEFE6 /* VVOpenSource.xcodeproj */;
			proxyType = 2;
			remoteGlobalIDString = 96C8071219817BFE00FA7825;
			remoteInfo = "DDMathParser-mac";
		};
		F9D255CE1D22343B003CEFE6 /* PBXContainerItemProxy */ = {
			isa = PBXContainerItemProxy;
			containerPortal = F9D255981D22343A003CEFE6 /* VVOpenSource.xcodeproj */;
			proxyType = 2;
			remoteGlobalIDString = 964FF27D1981B5AF00CCC808;
			remoteInfo = "VVISFKit-mac";
		};
		F9D255D01D22343B003CEFE6 /* PBXContainerItemProxy */ = {
			isa = PBXContainerItemProxy;
			containerPortal = F9D255981D22343A003CEFE6 /* VVOpenSource.xcodeproj */;
			proxyType = 2;
			remoteGlobalIDString = 96B06C1C18BE0ECF000A921C;
			remoteInfo = "VVUIToolbox-mac";
		};
		F9D255D21D22343B003CEFE6 /* PBXContainerItemProxy */ = {
			isa = PBXContainerItemProxy;
			containerPortal = F9D255981D22343A003CEFE6 /* VVOpenSource.xcodeproj */;
			proxyType = 2;
			remoteGlobalIDString = 961745F4100F86B400FB60E6;
			remoteInfo = VVMIDI;
		};
		F9D255D41D22343B003CEFE6 /* PBXContainerItemProxy */ = {
			isa = PBXContainerItemProxy;
			containerPortal = F9D255981D22343A003CEFE6 /* VVOpenSource.xcodeproj */;
			proxyType = 2;
			remoteGlobalIDString = 9628D0C5100E89F700C3944E;
			remoteInfo = "VVOSC-mac";
		};
		F9D255D61D22343B003CEFE6 /* PBXContainerItemProxy */ = {
			isa = PBXContainerItemProxy;
			containerPortal = F9D255981D22343A003CEFE6 /* VVOpenSource.xcodeproj */;
			proxyType = 2;
			remoteGlobalIDString = 1A7128AF1B61065000528CDB;
			remoteInfo = MultiClassXPC;
		};
		F9D255D81D22343B003CEFE6 /* PBXContainerItemProxy */ = {
			isa = PBXContainerItemProxy;
			containerPortal = F9D255981D22343A003CEFE6 /* VVOpenSource.xcodeproj */;
			proxyType = 2;
			remoteGlobalIDString = 968FAA86108B6141000E470D;
			remoteInfo = CrashReporterTestApp;
		};
		F9D255DA1D22343B003CEFE6 /* PBXContainerItemProxy */ = {
			isa = PBXContainerItemProxy;
			containerPortal = F9D255981D22343A003CEFE6 /* VVOpenSource.xcodeproj */;
			proxyType = 2;
			remoteGlobalIDString = 9656D900100F89BA0064EEA6;
			remoteInfo = MIDITestApp;
		};
		F9D255DC1D22343B003CEFE6 /* PBXContainerItemProxy */ = {
			isa = PBXContainerItemProxy;
			containerPortal = F9D255981D22343A003CEFE6 /* VVOpenSource.xcodeproj */;
			proxyType = 2;
			remoteGlobalIDString = 9628D179100E8B4D00C3944E;
			remoteInfo = OSCTestApp;
		};
		F9D255DE1D22343B003CEFE6 /* PBXContainerItemProxy */ = {
			isa = PBXContainerItemProxy;
			containerPortal = F9D255981D22343A003CEFE6 /* VVOpenSource.xcodeproj */;
			proxyType = 2;
			remoteGlobalIDString = 96B49302106AEB4C008FB26E;
			remoteInfo = MIDIviaOSC;
		};
		F9D255E01D22343B003CEFE6 /* PBXContainerItemProxy */ = {
			isa = PBXContainerItemProxy;
			containerPortal = F9D255981D22343A003CEFE6 /* VVOpenSource.xcodeproj */;
			proxyType = 2;
			remoteGlobalIDString = 966CCBD81431EFB9006D580F;
			remoteInfo = OSCQueryTest;
		};
		F9D255E21D22343B003CEFE6 /* PBXContainerItemProxy */ = {
			isa = PBXContainerItemProxy;
			containerPortal = F9D255981D22343A003CEFE6 /* VVOpenSource.xcodeproj */;
			proxyType = 2;
			remoteGlobalIDString = 96ACD7211706416300138AE6;
			remoteInfo = OSCPingTester;
		};
		F9D255E41D22343B003CEFE6 /* PBXContainerItemProxy */ = {
			isa = PBXContainerItemProxy;
			containerPortal = F9D255981D22343A003CEFE6 /* VVOpenSource.xcodeproj */;
			proxyType = 2;
			remoteGlobalIDString = 965C1CAC1983BE7D00111741;
			remoteInfo = "GLScene Test App";
		};
		F9D255E61D22343B003CEFE6 /* PBXContainerItemProxy */ = {
			isa = PBXContainerItemProxy;
			containerPortal = F9D255981D22343A003CEFE6 /* VVOpenSource.xcodeproj */;
			proxyType = 2;
			remoteGlobalIDString = 965C1CC71983BE9A00111741;
			remoteInfo = "QCGLScene Test App";
		};
		F9D255E81D22343B003CEFE6 /* PBXContainerItemProxy */ = {
			isa = PBXContainerItemProxy;
			containerPortal = F9D255981D22343A003CEFE6 /* VVOpenSource.xcodeproj */;
			proxyType = 2;
			remoteGlobalIDString = 965C1CE21983BEA200111741;
			remoteInfo = "CIGLScene Test App";
		};
		F9D255EA1D22343B003CEFE6 /* PBXContainerItemProxy */ = {
			isa = PBXContainerItemProxy;
			containerPortal = F9D255981D22343A003CEFE6 /* VVOpenSource.xcodeproj */;
			proxyType = 2;
			remoteGlobalIDString = 965C1CFD198403C300111741;
			remoteInfo = "ISFGLScene Test App";
		};
		F9D255EC1D22343B003CEFE6 /* PBXContainerItemProxy */ = {
			isa = PBXContainerItemProxy;
			containerPortal = F9D255981D22343A003CEFE6 /* VVOpenSource.xcodeproj */;
			proxyType = 2;
			remoteGlobalIDString = 96140109198AD46D00335292;
			remoteInfo = "QT and Hap Test App";
		};
		F9D255EE1D22343B003CEFE6 /* PBXContainerItemProxy */ = {
			isa = PBXContainerItemProxy;
			containerPortal = F9D255981D22343A003CEFE6 /* VVOpenSource.xcodeproj */;
			proxyType = 2;
			remoteGlobalIDString = 1A7128D41B610B4700528CDB;
			remoteInfo = MultiClassXPCTestApp;
		};
		F9D255F01D22343B003CEFE6 /* PBXContainerItemProxy */ = {
			isa = PBXContainerItemProxy;
			containerPortal = F9D255981D22343A003CEFE6 /* VVOpenSource.xcodeproj */;
			proxyType = 2;
			remoteGlobalIDString = 1A7128F81B610B6F00528CDB;
			remoteInfo = MultiClassXPCTestService;
		};
		F9D255F21D22343B003CEFE6 /* PBXContainerItemProxy */ = {
			isa = PBXContainerItemProxy;
			containerPortal = F9D255981D22343A003CEFE6 /* VVOpenSource.xcodeproj */;
			proxyType = 2;
			remoteGlobalIDString = 1A7AB8C71BED159000B2B129;
			remoteInfo = SyphonToAndFromVVBuffer;
		};
		F9D255F41D22343B003CEFE6 /* PBXContainerItemProxy */ = {
			isa = PBXContainerItemProxy;
			containerPortal = F9D255981D22343A003CEFE6 /* VVOpenSource.xcodeproj */;
			proxyType = 2;
			remoteGlobalIDString = 1A7AB8DC1BED17A200B2B129;
			remoteInfo = ArbitraryGLTextureToVVBuffer;
		};
		F9D255F61D22343B003CEFE6 /* PBXContainerItemProxy */ = {
			isa = PBXContainerItemProxy;
			containerPortal = F9D255981D22343A003CEFE6 /* VVOpenSource.xcodeproj */;
			proxyType = 2;
			remoteGlobalIDString = 1AEE1EC11C136883005259C0;
			remoteInfo = GLShaderSceneTestApp;
		};
		F9D255F81D22343B003CEFE6 /* PBXContainerItemProxy */ = {
			isa = PBXContainerItemProxy;
			containerPortal = F9D255981D22343A003CEFE6 /* VVOpenSource.xcodeproj */;
			proxyType = 2;
			remoteGlobalIDString = 1AE1A7AD1CDA6803005F924D;
			remoteInfo = "PBOGLtoCPUtoGL Test App";
		};
		F9D255FA1D22343B003CEFE6 /* PBXContainerItemProxy */ = {
			isa = PBXContainerItemProxy;
			containerPortal = F9D255981D22343A003CEFE6 /* VVOpenSource.xcodeproj */;
			proxyType = 2;
			remoteGlobalIDString = 1AE1A7C21CDA6812005F924D;
			remoteInfo = "TexRangeGLtoCPU Test App";
		};
		F9D255FC1D22343B003CEFE6 /* PBXContainerItemProxy */ = {
			isa = PBXContainerItemProxy;
			containerPortal = F9D255981D22343A003CEFE6 /* VVOpenSource.xcodeproj */;
			proxyType = 2;
			remoteGlobalIDString = 1AE1A7D71CDA6824005F924D;
			remoteInfo = GPUUploadBenchmark;
		};
		F9D255FE1D22343B003CEFE6 /* PBXContainerItemProxy */ = {
			isa = PBXContainerItemProxy;
			containerPortal = F9D255981D22343A003CEFE6 /* VVOpenSource.xcodeproj */;
			proxyType = 2;
			remoteGlobalIDString = 1AE1A7EC1CDA682C005F924D;
			remoteInfo = GPUDownloadBenchmark;
		};
		F9D256001D22343B003CEFE6 /* PBXContainerItemProxy */ = {
			isa = PBXContainerItemProxy;
			containerPortal = F9D255981D22343A003CEFE6 /* VVOpenSource.xcodeproj */;
			proxyType = 2;
			remoteGlobalIDString = 1AC5A4CC1CEE4138004DF358;
			remoteInfo = MTCSender;
		};
		F9D256021D22343B003CEFE6 /* PBXContainerItemProxy */ = {
			isa = PBXContainerItemProxy;
			containerPortal = F9D255981D22343A003CEFE6 /* VVOpenSource.xcodeproj */;
			proxyType = 2;
			remoteGlobalIDString = 1A486EA01C42F43000B4291E;
			remoteInfo = "VVBasics-iOS";
		};
		F9D256041D22343B003CEFE6 /* PBXContainerItemProxy */ = {
			isa = PBXContainerItemProxy;
			containerPortal = F9D255981D22343A003CEFE6 /* VVOpenSource.xcodeproj */;
			proxyType = 2;
			remoteGlobalIDString = 1A486EAD1C42F44300B4291E;
			remoteInfo = "VVBufferPool-iOS";
		};
		F9D256061D22343B003CEFE6 /* PBXContainerItemProxy */ = {
			isa = PBXContainerItemProxy;
			containerPortal = F9D255981D22343A003CEFE6 /* VVOpenSource.xcodeproj */;
			proxyType = 2;
			remoteGlobalIDString = 1A486EBA1C42F45200B4291E;
			remoteInfo = "DDMathParser-iOS";
		};
		F9D256081D22343B003CEFE6 /* PBXContainerItemProxy */ = {
			isa = PBXContainerItemProxy;
			containerPortal = F9D255981D22343A003CEFE6 /* VVOpenSource.xcodeproj */;
			proxyType = 2;
			remoteGlobalIDString = 1A486EC71C42F45B00B4291E;
			remoteInfo = "VVISFKit-iOS";
		};
		F9D2560A1D22343B003CEFE6 /* PBXContainerItemProxy */ = {
			isa = PBXContainerItemProxy;
			containerPortal = F9D255981D22343A003CEFE6 /* VVOpenSource.xcodeproj */;
			proxyType = 2;
			remoteGlobalIDString = 1A486ED41C42F46700B4291E;
			remoteInfo = "VVUIToolbox-iOS";
		};
		F9D2560C1D22343B003CEFE6 /* PBXContainerItemProxy */ = {
			isa = PBXContainerItemProxy;
			containerPortal = F9D255981D22343A003CEFE6 /* VVOpenSource.xcodeproj */;
			proxyType = 2;
			remoteGlobalIDString = 1A486EE11C42F47100B4291E;
			remoteInfo = "VVOSC-iOS";
		};
		F9D2560E1D22343B003CEFE6 /* PBXContainerItemProxy */ = {
			isa = PBXContainerItemProxy;
			containerPortal = F9D255981D22343A003CEFE6 /* VVOpenSource.xcodeproj */;
			proxyType = 2;
			remoteGlobalIDString = 1A00B8C51C430B3600BC2BEB;
			remoteInfo = ISFonIOSTest;
		};
		F9D256101D22343B003CEFE6 /* PBXContainerItemProxy */ = {
			isa = PBXContainerItemProxy;
			containerPortal = F9D255981D22343A003CEFE6 /* VVOpenSource.xcodeproj */;
			proxyType = 2;
			remoteGlobalIDString = 1A68C23B1CDBDD46001FF7D6;
			remoteInfo = QCQL;
		};
		F9D256121D22343B003CEFE6 /* PBXContainerItemProxy */ = {
			isa = PBXContainerItemProxy;
			containerPortal = F9D255981D22343A003CEFE6 /* VVOpenSource.xcodeproj */;
			proxyType = 2;
			remoteGlobalIDString = 1A68C24B1CDBDD54001FF7D6;
			remoteInfo = QCQL_Renderer;
		};
		F9D256141D22343B003CEFE6 /* PBXContainerItemProxy */ = {
			isa = PBXContainerItemProxy;
			containerPortal = F9D255981D22343A003CEFE6 /* VVOpenSource.xcodeproj */;
			proxyType = 2;
			remoteGlobalIDString = 1A1A01E91CDBFE3D00E49E5A;
			remoteInfo = ISFQL;
		};
		F9D256161D22343B003CEFE6 /* PBXContainerItemProxy */ = {
			isa = PBXContainerItemProxy;
			containerPortal = F9D255981D22343A003CEFE6 /* VVOpenSource.xcodeproj */;
			proxyType = 2;
			remoteGlobalIDString = 1A1A01F91CDBFE4900E49E5A;
			remoteInfo = ISFQL_Renderer;
		};
		F9D256181D22344E003CEFE6 /* PBXContainerItemProxy */ = {
			isa = PBXContainerItemProxy;
			containerPortal = F9D255981D22343A003CEFE6 /* VVOpenSource.xcodeproj */;
			proxyType = 1;
			remoteGlobalIDString = 9658764818CE5C2D003126BC;
			remoteInfo = "Build Mac Frameworks";
		};
/* End PBXContainerItemProxy section */

/* Begin PBXCopyFilesBuildPhase section */
		F9A72B37191B00E3000A386C /* CopyFiles */ = {
			isa = PBXCopyFilesBuildPhase;
			buildActionMask = 12;
			dstPath = "";
			dstSubfolderSpec = 10;
			files = (
				F9D2561D1D223483003CEFE6 /* VVOSC.framework in CopyFiles */,
				F92484001D24A03E00A23568 /* VVBasics.framework in CopyFiles */,
			);
			runOnlyForDeploymentPostprocessing = 0;
		};
		F9CA012119B57F5D005B3CCB /* CopyFiles */ = {
			isa = PBXCopyFilesBuildPhase;
			buildActionMask = 12;
			dstPath = androidfonts;
			dstSubfolderSpec = 7;
			files = (
				F9BAFD7C19D23E1B001CD2D2 /* LICENSE.txt in CopyFiles */,
				F9BAFD7D19D23E1B001CD2D2 /* Roboto-Black.ttf in CopyFiles */,
				F9BAFD7E19D23E1B001CD2D2 /* Roboto-BlackItalic.ttf in CopyFiles */,
				F9BAFD7F19D23E1B001CD2D2 /* Roboto-Bold.ttf in CopyFiles */,
				F9BAFD8019D23E1B001CD2D2 /* Roboto-BoldItalic.ttf in CopyFiles */,
				F9BAFD8119D23E1B001CD2D2 /* Roboto-Italic.ttf in CopyFiles */,
				F9BAFD8219D23E1B001CD2D2 /* Roboto-Light.ttf in CopyFiles */,
				F9BAFD8319D23E1B001CD2D2 /* Roboto-LightItalic.ttf in CopyFiles */,
				F9BAFD8419D23E1B001CD2D2 /* Roboto-Medium.ttf in CopyFiles */,
				F9BAFD8519D23E1B001CD2D2 /* Roboto-MediumItalic.ttf in CopyFiles */,
				F9BAFD8619D23E1B001CD2D2 /* Roboto-Regular.ttf in CopyFiles */,
				F9BAFD8719D23E1B001CD2D2 /* Roboto-Thin.ttf in CopyFiles */,
				F9BAFD8819D23E1B001CD2D2 /* Roboto-ThinItalic.ttf in CopyFiles */,
				F9BAFD8919D23E1B001CD2D2 /* RobotoCondensed-Bold.ttf in CopyFiles */,
				F9BAFD8A19D23E1B001CD2D2 /* RobotoCondensed-BoldItalic.ttf in CopyFiles */,
				F9BAFD8B19D23E1B001CD2D2 /* RobotoCondensed-Italic.ttf in CopyFiles */,
				F9BAFD8C19D23E1B001CD2D2 /* RobotoCondensed-Light.ttf in CopyFiles */,
				F9BAFD8D19D23E1B001CD2D2 /* RobotoCondensed-LightItalic.ttf in CopyFiles */,
				F9BAFD8E19D23E1B001CD2D2 /* RobotoCondensed-Regular.ttf in CopyFiles */,
			);
			runOnlyForDeploymentPostprocessing = 0;
		};
/* End PBXCopyFilesBuildPhase section */

/* Begin PBXFileReference section */
		DC084BA9168E13B100664E0E /* QuartzCore.framework */ = {isa = PBXFileReference; lastKnownFileType = wrapper.framework; name = QuartzCore.framework; path = System/Library/Frameworks/QuartzCore.framework; sourceTree = SDKROOT; };
		DC34E243168BB79800648C2F /* MobMuPlatEditor.app */ = {isa = PBXFileReference; explicitFileType = wrapper.application; includeInIndex = 0; path = MobMuPlatEditor.app; sourceTree = BUILT_PRODUCTS_DIR; };
		DC34E247168BB79800648C2F /* Cocoa.framework */ = {isa = PBXFileReference; lastKnownFileType = wrapper.framework; name = Cocoa.framework; path = System/Library/Frameworks/Cocoa.framework; sourceTree = SDKROOT; };
		DC34E24A168BB79800648C2F /* AppKit.framework */ = {isa = PBXFileReference; lastKnownFileType = wrapper.framework; name = AppKit.framework; path = System/Library/Frameworks/AppKit.framework; sourceTree = SDKROOT; };
		DC34E24B168BB79800648C2F /* CoreData.framework */ = {isa = PBXFileReference; lastKnownFileType = wrapper.framework; name = CoreData.framework; path = System/Library/Frameworks/CoreData.framework; sourceTree = SDKROOT; };
		DC34E24C168BB79800648C2F /* Foundation.framework */ = {isa = PBXFileReference; lastKnownFileType = wrapper.framework; name = Foundation.framework; path = System/Library/Frameworks/Foundation.framework; sourceTree = SDKROOT; };
		DC5A5ADC18825DFB00FC97D5 /* MMPUnknown.h */ = {isa = PBXFileReference; fileEncoding = 4; lastKnownFileType = sourcecode.c.h; name = MMPUnknown.h; path = MobMuPlatEditor/Controls/MMPUnknown.h; sourceTree = SOURCE_ROOT; };
		DC5A5ADD18825DFB00FC97D5 /* MMPUnknown.m */ = {isa = PBXFileReference; fileEncoding = 4; lastKnownFileType = sourcecode.c.objc; name = MMPUnknown.m; path = MobMuPlatEditor/Controls/MMPUnknown.m; sourceTree = SOURCE_ROOT; };
		DC5A5ADF18825E3200FC97D5 /* MMPLCD.h */ = {isa = PBXFileReference; fileEncoding = 4; lastKnownFileType = sourcecode.c.h; name = MMPLCD.h; path = MobMuPlatEditor/Controls/MMPLCD.h; sourceTree = SOURCE_ROOT; };
		DC5A5AE018825E3200FC97D5 /* MMPLCD.m */ = {isa = PBXFileReference; fileEncoding = 4; lastKnownFileType = sourcecode.c.objc; lineEnding = 0; name = MMPLCD.m; path = MobMuPlatEditor/Controls/MMPLCD.m; sourceTree = SOURCE_ROOT; xcLanguageSpecificationIdentifier = xcode.lang.objc; };
		DC8146B91732C4E10041F394 /* en */ = {isa = PBXFileReference; lastKnownFileType = text.rtf; name = en; path = MobMuPlatEditor/en.lproj/Credits.rtf; sourceTree = SOURCE_ROOT; };
		DC8146BB1732C4E10041F394 /* en */ = {isa = PBXFileReference; lastKnownFileType = text.plist.strings; name = en; path = MobMuPlatEditor/en.lproj/InfoPlist.strings; sourceTree = SOURCE_ROOT; };
		DCE2EFF91732BAA6002B897C /* MMPButton.h */ = {isa = PBXFileReference; fileEncoding = 4; lastKnownFileType = sourcecode.c.h; name = MMPButton.h; path = MobMuPlatEditor/Controls/MMPButton.h; sourceTree = SOURCE_ROOT; };
		DCE2EFFA1732BAA6002B897C /* MMPButton.m */ = {isa = PBXFileReference; fileEncoding = 4; lastKnownFileType = sourcecode.c.objc; lineEnding = 0; name = MMPButton.m; path = MobMuPlatEditor/Controls/MMPButton.m; sourceTree = SOURCE_ROOT; xcLanguageSpecificationIdentifier = xcode.lang.objc; };
		DCE2EFFB1732BAA6002B897C /* MMPControl.h */ = {isa = PBXFileReference; fileEncoding = 4; lastKnownFileType = sourcecode.c.h; name = MMPControl.h; path = MobMuPlatEditor/Controls/MMPControl.h; sourceTree = SOURCE_ROOT; };
		DCE2EFFC1732BAA6002B897C /* MMPControl.m */ = {isa = PBXFileReference; fileEncoding = 4; lastKnownFileType = sourcecode.c.objc; name = MMPControl.m; path = MobMuPlatEditor/Controls/MMPControl.m; sourceTree = SOURCE_ROOT; };
		DCE2EFFD1732BAA6002B897C /* MMPGrid.h */ = {isa = PBXFileReference; fileEncoding = 4; lastKnownFileType = sourcecode.c.h; name = MMPGrid.h; path = MobMuPlatEditor/Controls/MMPGrid.h; sourceTree = SOURCE_ROOT; };
		DCE2EFFE1732BAA6002B897C /* MMPGrid.m */ = {isa = PBXFileReference; fileEncoding = 4; lastKnownFileType = sourcecode.c.objc; lineEnding = 0; name = MMPGrid.m; path = MobMuPlatEditor/Controls/MMPGrid.m; sourceTree = SOURCE_ROOT; xcLanguageSpecificationIdentifier = xcode.lang.objc; };
		DCE2EFFF1732BAA6002B897C /* MMPKnob.h */ = {isa = PBXFileReference; fileEncoding = 4; lastKnownFileType = sourcecode.c.h; name = MMPKnob.h; path = MobMuPlatEditor/Controls/MMPKnob.h; sourceTree = SOURCE_ROOT; };
		DCE2F0001732BAA6002B897C /* MMPKnob.m */ = {isa = PBXFileReference; fileEncoding = 4; lastKnownFileType = sourcecode.c.objc; lineEnding = 0; name = MMPKnob.m; path = MobMuPlatEditor/Controls/MMPKnob.m; sourceTree = SOURCE_ROOT; xcLanguageSpecificationIdentifier = xcode.lang.objc; };
		DCE2F0011732BAA6002B897C /* MMPLabel.h */ = {isa = PBXFileReference; fileEncoding = 4; lastKnownFileType = sourcecode.c.h; name = MMPLabel.h; path = MobMuPlatEditor/Controls/MMPLabel.h; sourceTree = SOURCE_ROOT; };
		DCE2F0021732BAA6002B897C /* MMPLabel.m */ = {isa = PBXFileReference; fileEncoding = 4; lastKnownFileType = sourcecode.c.objc; name = MMPLabel.m; path = MobMuPlatEditor/Controls/MMPLabel.m; sourceTree = SOURCE_ROOT; };
		DCE2F0031732BAA6002B897C /* MMPMultiSlider.h */ = {isa = PBXFileReference; fileEncoding = 4; lastKnownFileType = sourcecode.c.h; name = MMPMultiSlider.h; path = MobMuPlatEditor/Controls/MMPMultiSlider.h; sourceTree = SOURCE_ROOT; };
		DCE2F0041732BAA6002B897C /* MMPMultiSlider.m */ = {isa = PBXFileReference; fileEncoding = 4; lastKnownFileType = sourcecode.c.objc; lineEnding = 0; name = MMPMultiSlider.m; path = MobMuPlatEditor/Controls/MMPMultiSlider.m; sourceTree = SOURCE_ROOT; xcLanguageSpecificationIdentifier = xcode.lang.objc; };
		DCE2F0051732BAA6002B897C /* MMPPanel.h */ = {isa = PBXFileReference; fileEncoding = 4; lastKnownFileType = sourcecode.c.h; name = MMPPanel.h; path = MobMuPlatEditor/Controls/MMPPanel.h; sourceTree = SOURCE_ROOT; };
		DCE2F0061732BAA6002B897C /* MMPPanel.m */ = {isa = PBXFileReference; fileEncoding = 4; lastKnownFileType = sourcecode.c.objc; name = MMPPanel.m; path = MobMuPlatEditor/Controls/MMPPanel.m; sourceTree = SOURCE_ROOT; };
		DCE2F0071732BAA6002B897C /* MMPSlider.h */ = {isa = PBXFileReference; fileEncoding = 4; lastKnownFileType = sourcecode.c.h; name = MMPSlider.h; path = MobMuPlatEditor/Controls/MMPSlider.h; sourceTree = SOURCE_ROOT; };
		DCE2F0081732BAA6002B897C /* MMPSlider.m */ = {isa = PBXFileReference; fileEncoding = 4; lastKnownFileType = sourcecode.c.objc; name = MMPSlider.m; path = MobMuPlatEditor/Controls/MMPSlider.m; sourceTree = SOURCE_ROOT; };
		DCE2F0091732BAA6002B897C /* MMPToggle.h */ = {isa = PBXFileReference; fileEncoding = 4; lastKnownFileType = sourcecode.c.h; name = MMPToggle.h; path = MobMuPlatEditor/Controls/MMPToggle.h; sourceTree = SOURCE_ROOT; };
		DCE2F00A1732BAA6002B897C /* MMPToggle.m */ = {isa = PBXFileReference; fileEncoding = 4; lastKnownFileType = sourcecode.c.objc; name = MMPToggle.m; path = MobMuPlatEditor/Controls/MMPToggle.m; sourceTree = SOURCE_ROOT; };
		DCE2F00B1732BAA6002B897C /* MMPXYSlider.h */ = {isa = PBXFileReference; fileEncoding = 4; lastKnownFileType = sourcecode.c.h; name = MMPXYSlider.h; path = MobMuPlatEditor/Controls/MMPXYSlider.h; sourceTree = SOURCE_ROOT; };
		DCE2F00C1732BAA6002B897C /* MMPXYSlider.m */ = {isa = PBXFileReference; fileEncoding = 4; lastKnownFileType = sourcecode.c.objc; name = MMPXYSlider.m; path = MobMuPlatEditor/Controls/MMPXYSlider.m; sourceTree = SOURCE_ROOT; };
		DCE2F0171732BAD3002B897C /* CanvasView.h */ = {isa = PBXFileReference; fileEncoding = 4; lastKnownFileType = sourcecode.c.h; name = CanvasView.h; path = MobMuPlatEditor/CanvasView.h; sourceTree = SOURCE_ROOT; };
		DCE2F0181732BAD3002B897C /* CanvasView.m */ = {isa = PBXFileReference; fileEncoding = 4; lastKnownFileType = sourcecode.c.objc; name = CanvasView.m; path = MobMuPlatEditor/CanvasView.m; sourceTree = SOURCE_ROOT; };
		DCE2F0191732BAD3002B897C /* Document.h */ = {isa = PBXFileReference; fileEncoding = 4; lastKnownFileType = sourcecode.c.h; name = Document.h; path = MobMuPlatEditor/Document.h; sourceTree = SOURCE_ROOT; };
		DCE2F01A1732BAD3002B897C /* Document.m */ = {isa = PBXFileReference; fileEncoding = 4; lastKnownFileType = sourcecode.c.objc; name = Document.m; path = MobMuPlatEditor/Document.m; sourceTree = SOURCE_ROOT; };
		DCE2F01B1732BAD3002B897C /* DocumentModel.h */ = {isa = PBXFileReference; fileEncoding = 4; lastKnownFileType = sourcecode.c.h; name = DocumentModel.h; path = MobMuPlatEditor/DocumentModel.h; sourceTree = SOURCE_ROOT; };
		DCE2F01C1732BAD3002B897C /* DocumentModel.m */ = {isa = PBXFileReference; fileEncoding = 4; lastKnownFileType = sourcecode.c.objc; name = DocumentModel.m; path = MobMuPlatEditor/DocumentModel.m; sourceTree = SOURCE_ROOT; };
		DCE2F01D1732BAD3002B897C /* EditHandle.h */ = {isa = PBXFileReference; fileEncoding = 4; lastKnownFileType = sourcecode.c.h; name = EditHandle.h; path = MobMuPlatEditor/EditHandle.h; sourceTree = SOURCE_ROOT; };
		DCE2F01E1732BAD3002B897C /* EditHandle.m */ = {isa = PBXFileReference; fileEncoding = 4; lastKnownFileType = sourcecode.c.objc; name = EditHandle.m; path = MobMuPlatEditor/EditHandle.m; sourceTree = SOURCE_ROOT; };
		DCE2F01F1732BAD3002B897C /* MMPDocumentController.h */ = {isa = PBXFileReference; fileEncoding = 4; lastKnownFileType = sourcecode.c.h; name = MMPDocumentController.h; path = MobMuPlatEditor/MMPDocumentController.h; sourceTree = SOURCE_ROOT; };
		DCE2F0201732BAD3002B897C /* MMPDocumentController.m */ = {isa = PBXFileReference; fileEncoding = 4; lastKnownFileType = sourcecode.c.objc; name = MMPDocumentController.m; path = MobMuPlatEditor/MMPDocumentController.m; sourceTree = SOURCE_ROOT; };
		DCE2F0271732BB1A002B897C /* en */ = {isa = PBXFileReference; lastKnownFileType = file.xib; name = en; path = MobMuPlatEditor/en.lproj/Document.xib; sourceTree = SOURCE_ROOT; };
		DCE2F0291732BB1A002B897C /* en */ = {isa = PBXFileReference; lastKnownFileType = file.xib; name = en; path = MobMuPlatEditor/en.lproj/MainMenu.xib; sourceTree = SOURCE_ROOT; };
		DCE2F02D1732BB39002B897C /* main.m */ = {isa = PBXFileReference; fileEncoding = 4; lastKnownFileType = sourcecode.c.objc; name = main.m; path = MobMuPlatEditor/main.m; sourceTree = SOURCE_ROOT; };
		DCE2F02E1732BB39002B897C /* MMPIcons.iconset */ = {isa = PBXFileReference; lastKnownFileType = folder.iconset; name = MMPIcons.iconset; path = MobMuPlatEditor/MMPIcons.iconset; sourceTree = SOURCE_ROOT; };
		DCE2F02F1732BB39002B897C /* MobMuPlatEditor-Info.plist */ = {isa = PBXFileReference; fileEncoding = 4; lastKnownFileType = text.plist.xml; name = "MobMuPlatEditor-Info.plist"; path = "MobMuPlatEditor/MobMuPlatEditor-Info.plist"; sourceTree = SOURCE_ROOT; };
		DCE2F0301732BB39002B897C /* MobMuPlatEditor-Prefix.pch */ = {isa = PBXFileReference; fileEncoding = 4; lastKnownFileType = sourcecode.c.h; name = "MobMuPlatEditor-Prefix.pch"; path = "MobMuPlatEditor/MobMuPlatEditor-Prefix.pch"; sourceTree = SOURCE_ROOT; };
		DCE2F0311732BB39002B897C /* uifontlist.txt */ = {isa = PBXFileReference; fileEncoding = 4; lastKnownFileType = text; name = uifontlist.txt; path = MobMuPlatEditor/uifontlist.txt; sourceTree = SOURCE_ROOT; };
		DCE2F0371732BD86002B897C /* infoicon_100x100.png */ = {isa = PBXFileReference; lastKnownFileType = image.png; name = infoicon_100x100.png; path = MobMuPlatEditor/infoicon_100x100.png; sourceTree = SOURCE_ROOT; };
		F9109644190DFBC8008707EE /* MMPTable.h */ = {isa = PBXFileReference; fileEncoding = 4; lastKnownFileType = sourcecode.c.h; name = MMPTable.h; path = MobMuPlatEditor/Controls/MMPTable.h; sourceTree = SOURCE_ROOT; };
		F9109645190DFBC8008707EE /* MMPTable.m */ = {isa = PBXFileReference; fileEncoding = 4; lastKnownFileType = sourcecode.c.objc; name = MMPTable.m; path = MobMuPlatEditor/Controls/MMPTable.m; sourceTree = SOURCE_ROOT; };
		F94FB53A18F5A045003BFB18 /* MMPMenu.h */ = {isa = PBXFileReference; fileEncoding = 4; lastKnownFileType = sourcecode.c.h; name = MMPMenu.h; path = MobMuPlatEditor/Controls/MMPMenu.h; sourceTree = SOURCE_ROOT; };
		F94FB53B18F5A045003BFB18 /* MMPMenu.m */ = {isa = PBXFileReference; fileEncoding = 4; lastKnownFileType = sourcecode.c.objc; lineEnding = 0; name = MMPMenu.m; path = MobMuPlatEditor/Controls/MMPMenu.m; sourceTree = SOURCE_ROOT; xcLanguageSpecificationIdentifier = xcode.lang.objc; };
		F9BAFD5619D236E4001CD2D2 /* LICENSE.txt */ = {isa = PBXFileReference; fileEncoding = 4; lastKnownFileType = text; path = LICENSE.txt; sourceTree = "<group>"; };
		F9BAFD5719D236E4001CD2D2 /* Roboto-Black.ttf */ = {isa = PBXFileReference; lastKnownFileType = file; path = "Roboto-Black.ttf"; sourceTree = "<group>"; };
		F9BAFD5819D236E4001CD2D2 /* Roboto-BlackItalic.ttf */ = {isa = PBXFileReference; lastKnownFileType = file; path = "Roboto-BlackItalic.ttf"; sourceTree = "<group>"; };
		F9BAFD5919D236E4001CD2D2 /* Roboto-Bold.ttf */ = {isa = PBXFileReference; lastKnownFileType = file; path = "Roboto-Bold.ttf"; sourceTree = "<group>"; };
		F9BAFD5A19D236E4001CD2D2 /* Roboto-BoldItalic.ttf */ = {isa = PBXFileReference; lastKnownFileType = file; path = "Roboto-BoldItalic.ttf"; sourceTree = "<group>"; };
		F9BAFD5B19D236E4001CD2D2 /* Roboto-Italic.ttf */ = {isa = PBXFileReference; lastKnownFileType = file; path = "Roboto-Italic.ttf"; sourceTree = "<group>"; };
		F9BAFD5C19D236E4001CD2D2 /* Roboto-Light.ttf */ = {isa = PBXFileReference; lastKnownFileType = file; path = "Roboto-Light.ttf"; sourceTree = "<group>"; };
		F9BAFD5D19D236E4001CD2D2 /* Roboto-LightItalic.ttf */ = {isa = PBXFileReference; lastKnownFileType = file; path = "Roboto-LightItalic.ttf"; sourceTree = "<group>"; };
		F9BAFD5E19D236E4001CD2D2 /* Roboto-Medium.ttf */ = {isa = PBXFileReference; lastKnownFileType = file; path = "Roboto-Medium.ttf"; sourceTree = "<group>"; };
		F9BAFD5F19D236E4001CD2D2 /* Roboto-MediumItalic.ttf */ = {isa = PBXFileReference; lastKnownFileType = file; path = "Roboto-MediumItalic.ttf"; sourceTree = "<group>"; };
		F9BAFD6019D236E4001CD2D2 /* Roboto-Regular.ttf */ = {isa = PBXFileReference; lastKnownFileType = file; path = "Roboto-Regular.ttf"; sourceTree = "<group>"; };
		F9BAFD6119D236E4001CD2D2 /* Roboto-Thin.ttf */ = {isa = PBXFileReference; lastKnownFileType = file; path = "Roboto-Thin.ttf"; sourceTree = "<group>"; };
		F9BAFD6219D236E4001CD2D2 /* Roboto-ThinItalic.ttf */ = {isa = PBXFileReference; lastKnownFileType = file; path = "Roboto-ThinItalic.ttf"; sourceTree = "<group>"; };
		F9BAFD6319D236E4001CD2D2 /* RobotoCondensed-Bold.ttf */ = {isa = PBXFileReference; lastKnownFileType = file; path = "RobotoCondensed-Bold.ttf"; sourceTree = "<group>"; };
		F9BAFD6419D236E4001CD2D2 /* RobotoCondensed-BoldItalic.ttf */ = {isa = PBXFileReference; lastKnownFileType = file; path = "RobotoCondensed-BoldItalic.ttf"; sourceTree = "<group>"; };
		F9BAFD6519D236E4001CD2D2 /* RobotoCondensed-Italic.ttf */ = {isa = PBXFileReference; lastKnownFileType = file; path = "RobotoCondensed-Italic.ttf"; sourceTree = "<group>"; };
		F9BAFD6619D236E4001CD2D2 /* RobotoCondensed-Light.ttf */ = {isa = PBXFileReference; lastKnownFileType = file; path = "RobotoCondensed-Light.ttf"; sourceTree = "<group>"; };
		F9BAFD6719D236E4001CD2D2 /* RobotoCondensed-LightItalic.ttf */ = {isa = PBXFileReference; lastKnownFileType = file; path = "RobotoCondensed-LightItalic.ttf"; sourceTree = "<group>"; };
		F9BAFD6819D236E4001CD2D2 /* RobotoCondensed-Regular.ttf */ = {isa = PBXFileReference; lastKnownFileType = file; path = "RobotoCondensed-Regular.ttf"; sourceTree = "<group>"; };
		F9D255981D22343A003CEFE6 /* VVOpenSource.xcodeproj */ = {isa = PBXFileReference; lastKnownFileType = "wrapper.pb-project"; name = VVOpenSource.xcodeproj; path = ../vvopensource/VVOpenSource.xcodeproj; sourceTree = "<group>"; };
		F9F44F3718BC2A3200101132 /* MMPMultiTouch.h */ = {isa = PBXFileReference; fileEncoding = 4; lastKnownFileType = sourcecode.c.h; name = MMPMultiTouch.h; path = MobMuPlatEditor/MMPMultiTouch.h; sourceTree = SOURCE_ROOT; };
		F9F44F3818BC2A3200101132 /* MMPMultiTouch.m */ = {isa = PBXFileReference; fileEncoding = 4; lastKnownFileType = sourcecode.c.objc; name = MMPMultiTouch.m; path = MobMuPlatEditor/MMPMultiTouch.m; sourceTree = SOURCE_ROOT; };
/* End PBXFileReference section */

/* Begin PBXFrameworksBuildPhase section */
		DC34E240168BB79800648C2F /* Frameworks */ = {
			isa = PBXFrameworksBuildPhase;
			buildActionMask = 2147483647;
			files = (
				F9D2561B1D223475003CEFE6 /* VVOSC.framework in Frameworks */,
				F9E56AFE1A81EF3F0017851A /* QuartzCore.framework in Frameworks */,
				DC34E248168BB79800648C2F /* Cocoa.framework in Frameworks */,
				F92483FF1D24A03E00A23568 /* VVBasics.framework in Frameworks */,
			);
			runOnlyForDeploymentPostprocessing = 0;
		};
/* End PBXFrameworksBuildPhase section */

/* Begin PBXGroup section */
		DC34E238168BB79800648C2F = {
			isa = PBXGroup;
			children = (
				F9D255981D22343A003CEFE6 /* VVOpenSource.xcodeproj */,
				DC34E24D168BB79800648C2F /* MobMuPlatEd */,
				DC34E246168BB79800648C2F /* Frameworks */,
				DC34E244168BB79800648C2F /* Products */,
			);
			sourceTree = "<group>";
		};
		DC34E244168BB79800648C2F /* Products */ = {
			isa = PBXGroup;
			children = (
				DC34E243168BB79800648C2F /* MobMuPlatEditor.app */,
			);
			name = Products;
			sourceTree = "<group>";
		};
		DC34E246168BB79800648C2F /* Frameworks */ = {
			isa = PBXGroup;
			children = (
				DC084BA9168E13B100664E0E /* QuartzCore.framework */,
				DC34E247168BB79800648C2F /* Cocoa.framework */,
				DC34E249168BB79800648C2F /* Other Frameworks */,
			);
			name = Frameworks;
			sourceTree = "<group>";
		};
		DC34E249168BB79800648C2F /* Other Frameworks */ = {
			isa = PBXGroup;
			children = (
				DC34E24A168BB79800648C2F /* AppKit.framework */,
				DC34E24B168BB79800648C2F /* CoreData.framework */,
				DC34E24C168BB79800648C2F /* Foundation.framework */,
			);
			name = "Other Frameworks";
			sourceTree = "<group>";
		};
		DC34E24D168BB79800648C2F /* MobMuPlatEd */ = {
			isa = PBXGroup;
			children = (
				F9BAFD5519D236E4001CD2D2 /* androidfonts */,
				DCFBBF39168D1ACB00746B04 /* Controls */,
				DCE2F0171732BAD3002B897C /* CanvasView.h */,
				DCE2F0181732BAD3002B897C /* CanvasView.m */,
				DCE2F0191732BAD3002B897C /* Document.h */,
				DCE2F01A1732BAD3002B897C /* Document.m */,
				DCE2F01B1732BAD3002B897C /* DocumentModel.h */,
				DCE2F01C1732BAD3002B897C /* DocumentModel.m */,
				DCE2F01D1732BAD3002B897C /* EditHandle.h */,
				DCE2F01E1732BAD3002B897C /* EditHandle.m */,
				DCE2F01F1732BAD3002B897C /* MMPDocumentController.h */,
				DCE2F0201732BAD3002B897C /* MMPDocumentController.m */,
				DC34E24E168BB79800648C2F /* Supporting Files */,
			);
			name = MobMuPlatEd;
			path = MobMuPlatEd1;
			sourceTree = "<group>";
		};
		DC34E24E168BB79800648C2F /* Supporting Files */ = {
			isa = PBXGroup;
			children = (
				DC8146B81732C4E10041F394 /* Credits.rtf */,
				DC8146BA1732C4E10041F394 /* InfoPlist.strings */,
				DCE2F0371732BD86002B897C /* infoicon_100x100.png */,
				DCE2F0261732BB1A002B897C /* Document.xib */,
				DCE2F0281732BB1A002B897C /* MainMenu.xib */,
				DCE2F02D1732BB39002B897C /* main.m */,
				DCE2F02E1732BB39002B897C /* MMPIcons.iconset */,
				DCE2F02F1732BB39002B897C /* MobMuPlatEditor-Info.plist */,
				DCE2F0301732BB39002B897C /* MobMuPlatEditor-Prefix.pch */,
				DCE2F0311732BB39002B897C /* uifontlist.txt */,
			);
			name = "Supporting Files";
			sourceTree = "<group>";
		};
		DCFBBF39168D1ACB00746B04 /* Controls */ = {
			isa = PBXGroup;
			children = (
				DCE2EFF91732BAA6002B897C /* MMPButton.h */,
				DCE2EFFA1732BAA6002B897C /* MMPButton.m */,
				DCE2EFFB1732BAA6002B897C /* MMPControl.h */,
				DCE2EFFC1732BAA6002B897C /* MMPControl.m */,
				DCE2EFFD1732BAA6002B897C /* MMPGrid.h */,
				DCE2EFFE1732BAA6002B897C /* MMPGrid.m */,
				DCE2EFFF1732BAA6002B897C /* MMPKnob.h */,
				DCE2F0001732BAA6002B897C /* MMPKnob.m */,
				DCE2F0011732BAA6002B897C /* MMPLabel.h */,
				DCE2F0021732BAA6002B897C /* MMPLabel.m */,
				DCE2F0031732BAA6002B897C /* MMPMultiSlider.h */,
				DCE2F0041732BAA6002B897C /* MMPMultiSlider.m */,
				DCE2F0051732BAA6002B897C /* MMPPanel.h */,
				DCE2F0061732BAA6002B897C /* MMPPanel.m */,
				DCE2F0071732BAA6002B897C /* MMPSlider.h */,
				DCE2F0081732BAA6002B897C /* MMPSlider.m */,
				DCE2F0091732BAA6002B897C /* MMPToggle.h */,
				DCE2F00A1732BAA6002B897C /* MMPToggle.m */,
				DCE2F00B1732BAA6002B897C /* MMPXYSlider.h */,
				DCE2F00C1732BAA6002B897C /* MMPXYSlider.m */,
				DC5A5ADF18825E3200FC97D5 /* MMPLCD.h */,
				DC5A5AE018825E3200FC97D5 /* MMPLCD.m */,
				DC5A5ADC18825DFB00FC97D5 /* MMPUnknown.h */,
				DC5A5ADD18825DFB00FC97D5 /* MMPUnknown.m */,
				F9F44F3718BC2A3200101132 /* MMPMultiTouch.h */,
				F9F44F3818BC2A3200101132 /* MMPMultiTouch.m */,
				F94FB53A18F5A045003BFB18 /* MMPMenu.h */,
				F94FB53B18F5A045003BFB18 /* MMPMenu.m */,
				F9109644190DFBC8008707EE /* MMPTable.h */,
				F9109645190DFBC8008707EE /* MMPTable.m */,
			);
			name = Controls;
			sourceTree = "<group>";
		};
		F9BAFD5519D236E4001CD2D2 /* androidfonts */ = {
			isa = PBXGroup;
			children = (
				F9BAFD5619D236E4001CD2D2 /* LICENSE.txt */,
				F9BAFD5719D236E4001CD2D2 /* Roboto-Black.ttf */,
				F9BAFD5819D236E4001CD2D2 /* Roboto-BlackItalic.ttf */,
				F9BAFD5919D236E4001CD2D2 /* Roboto-Bold.ttf */,
				F9BAFD5A19D236E4001CD2D2 /* Roboto-BoldItalic.ttf */,
				F9BAFD5B19D236E4001CD2D2 /* Roboto-Italic.ttf */,
				F9BAFD5C19D236E4001CD2D2 /* Roboto-Light.ttf */,
				F9BAFD5D19D236E4001CD2D2 /* Roboto-LightItalic.ttf */,
				F9BAFD5E19D236E4001CD2D2 /* Roboto-Medium.ttf */,
				F9BAFD5F19D236E4001CD2D2 /* Roboto-MediumItalic.ttf */,
				F9BAFD6019D236E4001CD2D2 /* Roboto-Regular.ttf */,
				F9BAFD6119D236E4001CD2D2 /* Roboto-Thin.ttf */,
				F9BAFD6219D236E4001CD2D2 /* Roboto-ThinItalic.ttf */,
				F9BAFD6319D236E4001CD2D2 /* RobotoCondensed-Bold.ttf */,
				F9BAFD6419D236E4001CD2D2 /* RobotoCondensed-BoldItalic.ttf */,
				F9BAFD6519D236E4001CD2D2 /* RobotoCondensed-Italic.ttf */,
				F9BAFD6619D236E4001CD2D2 /* RobotoCondensed-Light.ttf */,
				F9BAFD6719D236E4001CD2D2 /* RobotoCondensed-LightItalic.ttf */,
				F9BAFD6819D236E4001CD2D2 /* RobotoCondensed-Regular.ttf */,
			);
			name = androidfonts;
			path = MobMuPlatEditor/androidfonts;
			sourceTree = SOURCE_ROOT;
		};
		F9D255991D22343A003CEFE6 /* Products */ = {
			isa = PBXGroup;
			children = (
				F9D255C91D22343B003CEFE6 /* VVBasics.framework */,
				F9D255CB1D22343B003CEFE6 /* VVBufferPool.framework */,
				F9D255CD1D22343B003CEFE6 /* DDMathParser.framework */,
				F9D255CF1D22343B003CEFE6 /* VVISFKit.framework */,
				F9D255D11D22343B003CEFE6 /* VVUIToolbox.framework */,
				F9D255D31D22343B003CEFE6 /* VVMIDI.framework */,
				F9D255D51D22343B003CEFE6 /* VVOSC.framework */,
				F9D255D71D22343B003CEFE6 /* MultiClassXPC.framework */,
				F9D255D91D22343B003CEFE6 /* CrashReporterTestApp.app */,
				F9D255DB1D22343B003CEFE6 /* MIDITestApp.app */,
				F9D255DD1D22343B003CEFE6 /* OSCTestApp.app */,
				F9D255DF1D22343B003CEFE6 /* MIDIviaOSC.app */,
				F9D255E11D22343B003CEFE6 /* OSCQueryTest.app */,
				F9D255E31D22343B003CEFE6 /* OSCPingTester.app */,
				F9D255E51D22343B003CEFE6 /* GLScene Test App.app */,
				F9D255E71D22343B003CEFE6 /* QCGLScene Test App.app */,
				F9D255E91D22343B003CEFE6 /* CIGLScene Test App.app */,
				F9D255EB1D22343B003CEFE6 /* ISFGLScene Test App.app */,
				F9D255ED1D22343B003CEFE6 /* QT and Hap Test App.app */,
				F9D255EF1D22343B003CEFE6 /* MultiClassXPCTestApp.app */,
				F9D255F11D22343B003CEFE6 /* MultiClassXPCTestService.xpc */,
				F9D255F31D22343B003CEFE6 /* SyphonToAndFromVVBuffer.app */,
				F9D255F51D22343B003CEFE6 /* ArbitraryGLTextureToVVBuffer.app */,
				F9D255F71D22343B003CEFE6 /* GLShaderSceneTestApp.app */,
				F9D255F91D22343B003CEFE6 /* PBOGLtoCPUtoGL Test App.app */,
				F9D255FB1D22343B003CEFE6 /* TexRangeGLtoCPU Test App.app */,
				F9D255FD1D22343B003CEFE6 /* GPUUploadBenchmark.app */,
				F9D255FF1D22343B003CEFE6 /* GPUDownloadBenchmark.app */,
				F9D256011D22343B003CEFE6 /* MTCSender.app */,
				F9D256031D22343B003CEFE6 /* VVBasics.framework */,
				F9D256051D22343B003CEFE6 /* VVBufferPool.framework */,
				F9D256071D22343B003CEFE6 /* DDMathParser.framework */,
				F9D256091D22343B003CEFE6 /* VVISFKit.framework */,
				F9D2560B1D22343B003CEFE6 /* VVUIToolbox.framework */,
				F9D2560D1D22343B003CEFE6 /* VVOSC.framework */,
				F9D2560F1D22343B003CEFE6 /* ISFonIOSTest.app */,
				F9D256111D22343B003CEFE6 /* QCQL.qlgenerator */,
				F9D256131D22343B003CEFE6 /* com.vidvox.QCQL-Renderer.app */,
				F9D256151D22343B003CEFE6 /* ISFQL.qlgenerator */,
				F9D256171D22343B003CEFE6 /* com.vidvox.ISFQL-Renderer.app */,
			);
			name = Products;
			sourceTree = "<group>";
		};
/* End PBXGroup section */

/* Begin PBXNativeTarget section */
		DC34E242168BB79800648C2F /* MobMuPlatEditor */ = {
			isa = PBXNativeTarget;
			buildConfigurationList = DC34E264168BB79800648C2F /* Build configuration list for PBXNativeTarget "MobMuPlatEditor" */;
			buildPhases = (
				DC34E23F168BB79800648C2F /* Sources */,
				DC34E240168BB79800648C2F /* Frameworks */,
				DC34E241168BB79800648C2F /* Resources */,
				F9A72B37191B00E3000A386C /* CopyFiles */,
				F9CA012119B57F5D005B3CCB /* CopyFiles */,
			);
			buildRules = (
			);
			dependencies = (
				F9D256191D22344E003CEFE6 /* PBXTargetDependency */,
				F92484021D24A03E00A23568 /* PBXTargetDependency */,
			);
			name = MobMuPlatEditor;
			productName = MobMuPlatEd1;
			productReference = DC34E243168BB79800648C2F /* MobMuPlatEditor.app */;
			productType = "com.apple.product-type.application";
		};
/* End PBXNativeTarget section */

/* Begin PBXProject section */
		DC34E23A168BB79800648C2F /* Project object */ = {
			isa = PBXProject;
			attributes = {
				LastUpgradeCheck = 0630;
				ORGANIZATIONNAME = "Daniel Iglesia";
			};
			buildConfigurationList = DC34E23D168BB79800648C2F /* Build configuration list for PBXProject "MobMuPlatEditor" */;
			compatibilityVersion = "Xcode 3.2";
			developmentRegion = English;
			hasScannedForEncodings = 0;
			knownRegions = (
				en,
			);
			mainGroup = DC34E238168BB79800648C2F;
			productRefGroup = DC34E244168BB79800648C2F /* Products */;
			projectDirPath = "";
			projectReferences = (
				{
					ProductGroup = F9D255991D22343A003CEFE6 /* Products */;
					ProjectRef = F9D255981D22343A003CEFE6 /* VVOpenSource.xcodeproj */;
				},
			);
			projectRoot = "";
			targets = (
				DC34E242168BB79800648C2F /* MobMuPlatEditor */,
			);
		};
/* End PBXProject section */

/* Begin PBXReferenceProxy section */
		F9D255C91D22343B003CEFE6 /* VVBasics.framework */ = {
			isa = PBXReferenceProxy;
			fileType = wrapper.framework;
			path = VVBasics.framework;
			remoteRef = F9D255C81D22343B003CEFE6 /* PBXContainerItemProxy */;
			sourceTree = BUILT_PRODUCTS_DIR;
		};
		F9D255CB1D22343B003CEFE6 /* VVBufferPool.framework */ = {
			isa = PBXReferenceProxy;
			fileType = wrapper.framework;
			path = VVBufferPool.framework;
			remoteRef = F9D255CA1D22343B003CEFE6 /* PBXContainerItemProxy */;
			sourceTree = BUILT_PRODUCTS_DIR;
		};
		F9D255CD1D22343B003CEFE6 /* DDMathParser.framework */ = {
			isa = PBXReferenceProxy;
			fileType = wrapper.framework;
			path = DDMathParser.framework;
			remoteRef = F9D255CC1D22343B003CEFE6 /* PBXContainerItemProxy */;
			sourceTree = BUILT_PRODUCTS_DIR;
		};
		F9D255CF1D22343B003CEFE6 /* VVISFKit.framework */ = {
			isa = PBXReferenceProxy;
			fileType = wrapper.framework;
			path = VVISFKit.framework;
			remoteRef = F9D255CE1D22343B003CEFE6 /* PBXContainerItemProxy */;
			sourceTree = BUILT_PRODUCTS_DIR;
		};
		F9D255D11D22343B003CEFE6 /* VVUIToolbox.framework */ = {
			isa = PBXReferenceProxy;
			fileType = wrapper.framework;
			path = VVUIToolbox.framework;
			remoteRef = F9D255D01D22343B003CEFE6 /* PBXContainerItemProxy */;
			sourceTree = BUILT_PRODUCTS_DIR;
		};
		F9D255D31D22343B003CEFE6 /* VVMIDI.framework */ = {
			isa = PBXReferenceProxy;
			fileType = wrapper.framework;
			path = VVMIDI.framework;
			remoteRef = F9D255D21D22343B003CEFE6 /* PBXContainerItemProxy */;
			sourceTree = BUILT_PRODUCTS_DIR;
		};
		F9D255D51D22343B003CEFE6 /* VVOSC.framework */ = {
			isa = PBXReferenceProxy;
			fileType = wrapper.framework;
			path = VVOSC.framework;
			remoteRef = F9D255D41D22343B003CEFE6 /* PBXContainerItemProxy */;
			sourceTree = BUILT_PRODUCTS_DIR;
		};
		F9D255D71D22343B003CEFE6 /* MultiClassXPC.framework */ = {
			isa = PBXReferenceProxy;
			fileType = wrapper.framework;
			path = MultiClassXPC.framework;
			remoteRef = F9D255D61D22343B003CEFE6 /* PBXContainerItemProxy */;
			sourceTree = BUILT_PRODUCTS_DIR;
		};
		F9D255D91D22343B003CEFE6 /* CrashReporterTestApp.app */ = {
			isa = PBXReferenceProxy;
			fileType = wrapper.application;
			path = CrashReporterTestApp.app;
			remoteRef = F9D255D81D22343B003CEFE6 /* PBXContainerItemProxy */;
			sourceTree = BUILT_PRODUCTS_DIR;
		};
		F9D255DB1D22343B003CEFE6 /* MIDITestApp.app */ = {
			isa = PBXReferenceProxy;
			fileType = wrapper.application;
			path = MIDITestApp.app;
			remoteRef = F9D255DA1D22343B003CEFE6 /* PBXContainerItemProxy */;
			sourceTree = BUILT_PRODUCTS_DIR;
		};
		F9D255DD1D22343B003CEFE6 /* OSCTestApp.app */ = {
			isa = PBXReferenceProxy;
			fileType = wrapper.application;
			path = OSCTestApp.app;
			remoteRef = F9D255DC1D22343B003CEFE6 /* PBXContainerItemProxy */;
			sourceTree = BUILT_PRODUCTS_DIR;
		};
		F9D255DF1D22343B003CEFE6 /* MIDIviaOSC.app */ = {
			isa = PBXReferenceProxy;
			fileType = wrapper.application;
			path = MIDIviaOSC.app;
			remoteRef = F9D255DE1D22343B003CEFE6 /* PBXContainerItemProxy */;
			sourceTree = BUILT_PRODUCTS_DIR;
		};
		F9D255E11D22343B003CEFE6 /* OSCQueryTest.app */ = {
			isa = PBXReferenceProxy;
			fileType = wrapper.application;
			path = OSCQueryTest.app;
			remoteRef = F9D255E01D22343B003CEFE6 /* PBXContainerItemProxy */;
			sourceTree = BUILT_PRODUCTS_DIR;
		};
		F9D255E31D22343B003CEFE6 /* OSCPingTester.app */ = {
			isa = PBXReferenceProxy;
			fileType = wrapper.application;
			path = OSCPingTester.app;
			remoteRef = F9D255E21D22343B003CEFE6 /* PBXContainerItemProxy */;
			sourceTree = BUILT_PRODUCTS_DIR;
		};
		F9D255E51D22343B003CEFE6 /* GLScene Test App.app */ = {
			isa = PBXReferenceProxy;
			fileType = wrapper.application;
			path = "GLScene Test App.app";
			remoteRef = F9D255E41D22343B003CEFE6 /* PBXContainerItemProxy */;
			sourceTree = BUILT_PRODUCTS_DIR;
		};
		F9D255E71D22343B003CEFE6 /* QCGLScene Test App.app */ = {
			isa = PBXReferenceProxy;
			fileType = wrapper.application;
			path = "QCGLScene Test App.app";
			remoteRef = F9D255E61D22343B003CEFE6 /* PBXContainerItemProxy */;
			sourceTree = BUILT_PRODUCTS_DIR;
		};
		F9D255E91D22343B003CEFE6 /* CIGLScene Test App.app */ = {
			isa = PBXReferenceProxy;
			fileType = wrapper.application;
			path = "CIGLScene Test App.app";
			remoteRef = F9D255E81D22343B003CEFE6 /* PBXContainerItemProxy */;
			sourceTree = BUILT_PRODUCTS_DIR;
		};
		F9D255EB1D22343B003CEFE6 /* ISFGLScene Test App.app */ = {
			isa = PBXReferenceProxy;
			fileType = wrapper.application;
			path = "ISFGLScene Test App.app";
			remoteRef = F9D255EA1D22343B003CEFE6 /* PBXContainerItemProxy */;
			sourceTree = BUILT_PRODUCTS_DIR;
		};
		F9D255ED1D22343B003CEFE6 /* QT and Hap Test App.app */ = {
			isa = PBXReferenceProxy;
			fileType = wrapper.application;
			path = "QT and Hap Test App.app";
			remoteRef = F9D255EC1D22343B003CEFE6 /* PBXContainerItemProxy */;
			sourceTree = BUILT_PRODUCTS_DIR;
		};
		F9D255EF1D22343B003CEFE6 /* MultiClassXPCTestApp.app */ = {
			isa = PBXReferenceProxy;
			fileType = wrapper.application;
			path = MultiClassXPCTestApp.app;
			remoteRef = F9D255EE1D22343B003CEFE6 /* PBXContainerItemProxy */;
			sourceTree = BUILT_PRODUCTS_DIR;
		};
		F9D255F11D22343B003CEFE6 /* MultiClassXPCTestService.xpc */ = {
			isa = PBXReferenceProxy;
			fileType = "wrapper.xpc-service";
			path = MultiClassXPCTestService.xpc;
			remoteRef = F9D255F01D22343B003CEFE6 /* PBXContainerItemProxy */;
			sourceTree = BUILT_PRODUCTS_DIR;
		};
		F9D255F31D22343B003CEFE6 /* SyphonToAndFromVVBuffer.app */ = {
			isa = PBXReferenceProxy;
			fileType = wrapper.application;
			path = SyphonToAndFromVVBuffer.app;
			remoteRef = F9D255F21D22343B003CEFE6 /* PBXContainerItemProxy */;
			sourceTree = BUILT_PRODUCTS_DIR;
		};
		F9D255F51D22343B003CEFE6 /* ArbitraryGLTextureToVVBuffer.app */ = {
			isa = PBXReferenceProxy;
			fileType = wrapper.application;
			path = ArbitraryGLTextureToVVBuffer.app;
			remoteRef = F9D255F41D22343B003CEFE6 /* PBXContainerItemProxy */;
			sourceTree = BUILT_PRODUCTS_DIR;
		};
		F9D255F71D22343B003CEFE6 /* GLShaderSceneTestApp.app */ = {
			isa = PBXReferenceProxy;
			fileType = wrapper.application;
			path = GLShaderSceneTestApp.app;
			remoteRef = F9D255F61D22343B003CEFE6 /* PBXContainerItemProxy */;
			sourceTree = BUILT_PRODUCTS_DIR;
		};
		F9D255F91D22343B003CEFE6 /* PBOGLtoCPUtoGL Test App.app */ = {
			isa = PBXReferenceProxy;
			fileType = wrapper.application;
			path = "PBOGLtoCPUtoGL Test App.app";
			remoteRef = F9D255F81D22343B003CEFE6 /* PBXContainerItemProxy */;
			sourceTree = BUILT_PRODUCTS_DIR;
		};
		F9D255FB1D22343B003CEFE6 /* TexRangeGLtoCPU Test App.app */ = {
			isa = PBXReferenceProxy;
			fileType = wrapper.application;
			path = "TexRangeGLtoCPU Test App.app";
			remoteRef = F9D255FA1D22343B003CEFE6 /* PBXContainerItemProxy */;
			sourceTree = BUILT_PRODUCTS_DIR;
		};
		F9D255FD1D22343B003CEFE6 /* GPUUploadBenchmark.app */ = {
			isa = PBXReferenceProxy;
			fileType = wrapper.application;
			path = GPUUploadBenchmark.app;
			remoteRef = F9D255FC1D22343B003CEFE6 /* PBXContainerItemProxy */;
			sourceTree = BUILT_PRODUCTS_DIR;
		};
		F9D255FF1D22343B003CEFE6 /* GPUDownloadBenchmark.app */ = {
			isa = PBXReferenceProxy;
			fileType = wrapper.application;
			path = GPUDownloadBenchmark.app;
			remoteRef = F9D255FE1D22343B003CEFE6 /* PBXContainerItemProxy */;
			sourceTree = BUILT_PRODUCTS_DIR;
		};
		F9D256011D22343B003CEFE6 /* MTCSender.app */ = {
			isa = PBXReferenceProxy;
			fileType = wrapper.application;
			path = MTCSender.app;
			remoteRef = F9D256001D22343B003CEFE6 /* PBXContainerItemProxy */;
			sourceTree = BUILT_PRODUCTS_DIR;
		};
		F9D256031D22343B003CEFE6 /* VVBasics.framework */ = {
			isa = PBXReferenceProxy;
			fileType = wrapper.framework;
			path = VVBasics.framework;
			remoteRef = F9D256021D22343B003CEFE6 /* PBXContainerItemProxy */;
			sourceTree = BUILT_PRODUCTS_DIR;
		};
		F9D256051D22343B003CEFE6 /* VVBufferPool.framework */ = {
			isa = PBXReferenceProxy;
			fileType = wrapper.framework;
			path = VVBufferPool.framework;
			remoteRef = F9D256041D22343B003CEFE6 /* PBXContainerItemProxy */;
			sourceTree = BUILT_PRODUCTS_DIR;
		};
		F9D256071D22343B003CEFE6 /* DDMathParser.framework */ = {
			isa = PBXReferenceProxy;
			fileType = wrapper.framework;
			path = DDMathParser.framework;
			remoteRef = F9D256061D22343B003CEFE6 /* PBXContainerItemProxy */;
			sourceTree = BUILT_PRODUCTS_DIR;
		};
		F9D256091D22343B003CEFE6 /* VVISFKit.framework */ = {
			isa = PBXReferenceProxy;
			fileType = wrapper.framework;
			path = VVISFKit.framework;
			remoteRef = F9D256081D22343B003CEFE6 /* PBXContainerItemProxy */;
			sourceTree = BUILT_PRODUCTS_DIR;
		};
		F9D2560B1D22343B003CEFE6 /* VVUIToolbox.framework */ = {
			isa = PBXReferenceProxy;
			fileType = wrapper.framework;
			path = VVUIToolbox.framework;
			remoteRef = F9D2560A1D22343B003CEFE6 /* PBXContainerItemProxy */;
			sourceTree = BUILT_PRODUCTS_DIR;
		};
		F9D2560D1D22343B003CEFE6 /* VVOSC.framework */ = {
			isa = PBXReferenceProxy;
			fileType = wrapper.framework;
			path = VVOSC.framework;
			remoteRef = F9D2560C1D22343B003CEFE6 /* PBXContainerItemProxy */;
			sourceTree = BUILT_PRODUCTS_DIR;
		};
		F9D2560F1D22343B003CEFE6 /* ISFonIOSTest.app */ = {
			isa = PBXReferenceProxy;
			fileType = wrapper.application;
			path = ISFonIOSTest.app;
			remoteRef = F9D2560E1D22343B003CEFE6 /* PBXContainerItemProxy */;
			sourceTree = BUILT_PRODUCTS_DIR;
		};
		F9D256111D22343B003CEFE6 /* QCQL.qlgenerator */ = {
			isa = PBXReferenceProxy;
			fileType = wrapper.cfbundle;
			path = QCQL.qlgenerator;
			remoteRef = F9D256101D22343B003CEFE6 /* PBXContainerItemProxy */;
			sourceTree = BUILT_PRODUCTS_DIR;
		};
		F9D256131D22343B003CEFE6 /* com.vidvox.QCQL-Renderer.app */ = {
			isa = PBXReferenceProxy;
			fileType = wrapper.application;
			path = "com.vidvox.QCQL-Renderer.app";
			remoteRef = F9D256121D22343B003CEFE6 /* PBXContainerItemProxy */;
			sourceTree = BUILT_PRODUCTS_DIR;
		};
		F9D256151D22343B003CEFE6 /* ISFQL.qlgenerator */ = {
			isa = PBXReferenceProxy;
			fileType = wrapper.cfbundle;
			path = ISFQL.qlgenerator;
			remoteRef = F9D256141D22343B003CEFE6 /* PBXContainerItemProxy */;
			sourceTree = BUILT_PRODUCTS_DIR;
		};
		F9D256171D22343B003CEFE6 /* com.vidvox.ISFQL-Renderer.app */ = {
			isa = PBXReferenceProxy;
			fileType = wrapper.application;
			path = "com.vidvox.ISFQL-Renderer.app";
			remoteRef = F9D256161D22343B003CEFE6 /* PBXContainerItemProxy */;
			sourceTree = BUILT_PRODUCTS_DIR;
		};
/* End PBXReferenceProxy section */

/* Begin PBXResourcesBuildPhase section */
		DC34E241168BB79800648C2F /* Resources */ = {
			isa = PBXResourcesBuildPhase;
			buildActionMask = 2147483647;
			files = (
				DC8146B51732C43E0041F394 /* infoicon_100x100.png in Resources */,
				DCE2F02A1732BB1A002B897C /* Document.xib in Resources */,
				DCE2F02B1732BB1A002B897C /* MainMenu.xib in Resources */,
				DCE2F0341732BB39002B897C /* MMPIcons.iconset in Resources */,
				DCE2F0361732BB39002B897C /* uifontlist.txt in Resources */,
				DC8146BC1732C4E10041F394 /* Credits.rtf in Resources */,
				DC8146BD1732C4E10041F394 /* InfoPlist.strings in Resources */,
			);
			runOnlyForDeploymentPostprocessing = 0;
		};
/* End PBXResourcesBuildPhase section */

/* Begin PBXSourcesBuildPhase section */
		DC34E23F168BB79800648C2F /* Sources */ = {
			isa = PBXSourcesBuildPhase;
			buildActionMask = 2147483647;
			files = (
				DCE2F00D1732BAA6002B897C /* MMPButton.m in Sources */,
				F94FB53C18F5A045003BFB18 /* MMPMenu.m in Sources */,
				DCE2F00E1732BAA6002B897C /* MMPControl.m in Sources */,
				DCE2F00F1732BAA6002B897C /* MMPGrid.m in Sources */,
				DC5A5AE118825E3200FC97D5 /* MMPLCD.m in Sources */,
				DCE2F0101732BAA6002B897C /* MMPKnob.m in Sources */,
				F9F44F3918BC2A3200101132 /* MMPMultiTouch.m in Sources */,
				DCE2F0111732BAA6002B897C /* MMPLabel.m in Sources */,
				DCE2F0121732BAA6002B897C /* MMPMultiSlider.m in Sources */,
				DCE2F0131732BAA6002B897C /* MMPPanel.m in Sources */,
				DCE2F0141732BAA6002B897C /* MMPSlider.m in Sources */,
				DC5A5ADE18825DFB00FC97D5 /* MMPUnknown.m in Sources */,
				DCE2F0151732BAA6002B897C /* MMPToggle.m in Sources */,
				DCE2F0161732BAA6002B897C /* MMPXYSlider.m in Sources */,
				DCE2F0211732BAD3002B897C /* CanvasView.m in Sources */,
				DCE2F0221732BAD3002B897C /* Document.m in Sources */,
				DCE2F0231732BAD3002B897C /* DocumentModel.m in Sources */,
				DCE2F0241732BAD3002B897C /* EditHandle.m in Sources */,
				DCE2F0251732BAD3002B897C /* MMPDocumentController.m in Sources */,
				DCE2F0331732BB39002B897C /* main.m in Sources */,
				F9109646190DFBC8008707EE /* MMPTable.m in Sources */,
			);
			runOnlyForDeploymentPostprocessing = 0;
		};
/* End PBXSourcesBuildPhase section */

/* Begin PBXTargetDependency section */
		F92484021D24A03E00A23568 /* PBXTargetDependency */ = {
			isa = PBXTargetDependency;
			name = "VVBasics-mac";
			targetProxy = F92484011D24A03E00A23568 /* PBXContainerItemProxy */;
		};
		F9D256191D22344E003CEFE6 /* PBXTargetDependency */ = {
			isa = PBXTargetDependency;
			name = "Build Mac Frameworks";
			targetProxy = F9D256181D22344E003CEFE6 /* PBXContainerItemProxy */;
		};
/* End PBXTargetDependency section */

/* Begin PBXVariantGroup section */
		DC8146B81732C4E10041F394 /* Credits.rtf */ = {
			isa = PBXVariantGroup;
			children = (
				DC8146B91732C4E10041F394 /* en */,
			);
			name = Credits.rtf;
			sourceTree = "<group>";
		};
		DC8146BA1732C4E10041F394 /* InfoPlist.strings */ = {
			isa = PBXVariantGroup;
			children = (
				DC8146BB1732C4E10041F394 /* en */,
			);
			name = InfoPlist.strings;
			sourceTree = "<group>";
		};
		DCE2F0261732BB1A002B897C /* Document.xib */ = {
			isa = PBXVariantGroup;
			children = (
				DCE2F0271732BB1A002B897C /* en */,
			);
			name = Document.xib;
			sourceTree = "<group>";
		};
		DCE2F0281732BB1A002B897C /* MainMenu.xib */ = {
			isa = PBXVariantGroup;
			children = (
				DCE2F0291732BB1A002B897C /* en */,
			);
			name = MainMenu.xib;
			sourceTree = "<group>";
		};
/* End PBXVariantGroup section */

/* Begin XCBuildConfiguration section */
		DC34E262168BB79800648C2F /* Debug */ = {
			isa = XCBuildConfiguration;
			buildSettings = {
				ALWAYS_SEARCH_USER_PATHS = NO;
				CLANG_CXX_LANGUAGE_STANDARD = "gnu++0x";
				CLANG_CXX_LIBRARY = "libc++";
				CLANG_ENABLE_OBJC_ARC = YES;
				CLANG_WARN_EMPTY_BODY = YES;
				CLANG_WARN__DUPLICATE_METHOD_MATCH = YES;
				COPY_PHASE_STRIP = NO;
				GCC_C_LANGUAGE_STANDARD = gnu99;
				GCC_DYNAMIC_NO_PIC = NO;
				GCC_ENABLE_OBJC_EXCEPTIONS = YES;
				GCC_OPTIMIZATION_LEVEL = 0;
				GCC_PREPROCESSOR_DEFINITIONS = (
					"DEBUG=1",
					"$(inherited)",
				);
				GCC_SYMBOLS_PRIVATE_EXTERN = NO;
				GCC_WARN_64_TO_32_BIT_CONVERSION = YES;
				GCC_WARN_ABOUT_RETURN_TYPE = YES;
				GCC_WARN_UNINITIALIZED_AUTOS = YES;
				GCC_WARN_UNUSED_VARIABLE = YES;
				HEADER_SEARCH_PATHS = "";
				MACOSX_DEPLOYMENT_TARGET = 10.7;
				ONLY_ACTIVE_ARCH = YES;
				SDKROOT = macosx;
			};
			name = Debug;
		};
		DC34E263168BB79800648C2F /* Release */ = {
			isa = XCBuildConfiguration;
			buildSettings = {
				ALWAYS_SEARCH_USER_PATHS = NO;
				CLANG_CXX_LANGUAGE_STANDARD = "gnu++0x";
				CLANG_CXX_LIBRARY = "libc++";
				CLANG_ENABLE_OBJC_ARC = YES;
				CLANG_WARN_EMPTY_BODY = YES;
				CLANG_WARN__DUPLICATE_METHOD_MATCH = YES;
				COPY_PHASE_STRIP = YES;
				DEBUG_INFORMATION_FORMAT = "dwarf-with-dsym";
				GCC_C_LANGUAGE_STANDARD = gnu99;
				GCC_ENABLE_OBJC_EXCEPTIONS = YES;
				GCC_WARN_64_TO_32_BIT_CONVERSION = YES;
				GCC_WARN_ABOUT_RETURN_TYPE = YES;
				GCC_WARN_UNINITIALIZED_AUTOS = YES;
				GCC_WARN_UNUSED_VARIABLE = YES;
				HEADER_SEARCH_PATHS = "";
				MACOSX_DEPLOYMENT_TARGET = 10.7;
				SDKROOT = macosx;
			};
			name = Release;
		};
		DC34E265168BB79800648C2F /* Debug */ = {
			isa = XCBuildConfiguration;
			buildSettings = {
				ALWAYS_SEARCH_USER_PATHS = YES;
				COMBINE_HIDPI_IMAGES = YES;
				FRAMEWORK_SEARCH_PATHS = (
					"$(inherited)",
					"$(PROJECT_DIR)/MobMuPlatEditor",
				);
				GCC_PRECOMPILE_PREFIX_HEADER = YES;
				GCC_PREFIX_HEADER = "MobMuPlatEditor/MobMuPlatEditor-Prefix.pch";
				INFOPLIST_FILE = "$(SRCROOT)/MobMuPlatEditor/MobMuPlatEditor-Info.plist";
				INSTALL_GROUP = "";
				INSTALL_MODE_FLAG = "";
				INSTALL_OWNER = "";
				LD_RUNPATH_SEARCH_PATHS = "@loader_path/../Frameworks @executable_path/../Frameworks";
				MACOSX_DEPLOYMENT_TARGET = 10.7;
				PRODUCT_NAME = MobMuPlatEditor;
				WRAPPER_EXTENSION = app;
			};
			name = Debug;
		};
		DC34E266168BB79800648C2F /* Release */ = {
			isa = XCBuildConfiguration;
			buildSettings = {
				ALWAYS_SEARCH_USER_PATHS = YES;
				COMBINE_HIDPI_IMAGES = YES;
				FRAMEWORK_SEARCH_PATHS = (
					"$(inherited)",
					"$(PROJECT_DIR)/MobMuPlatEditor",
				);
				GCC_PRECOMPILE_PREFIX_HEADER = YES;
				GCC_PREFIX_HEADER = "MobMuPlatEditor/MobMuPlatEditor-Prefix.pch";
				INFOPLIST_FILE = "$(SRCROOT)/MobMuPlatEditor/MobMuPlatEditor-Info.plist";
				INSTALL_GROUP = "";
				INSTALL_MODE_FLAG = "";
				INSTALL_OWNER = "";
				LD_RUNPATH_SEARCH_PATHS = "@loader_path/../Frameworks @executable_path/../Frameworks";
				MACOSX_DEPLOYMENT_TARGET = 10.7;
				PRODUCT_NAME = MobMuPlatEditor;
				WRAPPER_EXTENSION = app;
			};
			name = Release;
		};
/* End XCBuildConfiguration section */

/* Begin XCConfigurationList section */
		DC34E23D168BB79800648C2F /* Build configuration list for PBXProject "MobMuPlatEditor" */ = {
			isa = XCConfigurationList;
			buildConfigurations = (
				DC34E262168BB79800648C2F /* Debug */,
				DC34E263168BB79800648C2F /* Release */,
			);
			defaultConfigurationIsVisible = 0;
			defaultConfigurationName = Release;
		};
		DC34E264168BB79800648C2F /* Build configuration list for PBXNativeTarget "MobMuPlatEditor" */ = {
			isa = XCConfigurationList;
			buildConfigurations = (
				DC34E265168BB79800648C2F /* Debug */,
				DC34E266168BB79800648C2F /* Release */,
			);
			defaultConfigurationIsVisible = 0;
			defaultConfigurationName = Release;
		};
/* End XCConfigurationList section */
	};
	rootObject = DC34E23A168BB79800648C2F /* Project object */;
}
